
Microsoft Visual Studio Solution File, Format Version 12.00
# Visual Studio Version 17
VisualStudioVersion = 17.4.33213.308
MinimumVisualStudioVersion = 10.0.40219.1
Project("{9A19103F-16F7-4668-BE54-9A1E7A4F7556}") = "MShop", "MShop\MShop.csproj", "{93252E55-23C8-4880-B794-8CDF4B77ABCB}"
EndProject
Global
	GlobalSection(SolutionConfigurationPlatforms) = preSolution
		Debug|Any CPU = Debug|Any CPU
		Release|Any CPU = Release|Any CPU
	EndGlobalSection
	GlobalSection(ProjectConfigurationPlatforms) = postSolution
		{93252E55-23C8-4880-B794-8CDF4B77ABCB}.Debug|Any CPU.ActiveCfg = Debug|Any CPU
		{93252E55-23C8-4880-B794-8CDF4B77ABCB}.Debug|Any CPU.Build.0 = Debug|Any CPU
		{93252E55-23C8-4880-B794-8CDF4B77ABCB}.Release|Any CPU.ActiveCfg = Release|Any CPU
		{93252E55-23C8-4880-B794-8CDF4B77ABCB}.Release|Any CPU.Build.0 = Release|Any CPU
	EndGlobalSection
	GlobalSection(SolutionProperties) = preSolution
		HideSolutionNode = FALSE
	EndGlobalSection
	GlobalSection(ExtensibilityGlobals) = postSolution
		SolutionGuid = {CA7864FA-765A-4A8F-A1A2-43ED69D1873B}
	EndGlobalSection
EndGlobal
